// !$*UTF8*$!
{
	archiveVersion = 1;
	classes = {
	};
	objectVersion = 50;
	objects = {

/* Begin PBXBuildFile section */
		A8CB1F2C95CF0B38C62A90B3 /* Pods_DoggZam_.framework in Frameworks */ = {isa = PBXBuildFile; fileRef = 60ACE19E94563323A8081462 /* Pods_DoggZam_.framework */; };
		DA5D2DA221EA8235003B2EB3 /* ContainerVC.swift in Sources */ = {isa = PBXBuildFile; fileRef = DA5D2DA121EA8235003B2EB3 /* ContainerVC.swift */; };
		DA5D2DA621EA82A8003B2EB3 /* HomeVC.swift in Sources */ = {isa = PBXBuildFile; fileRef = DA5D2DA521EA82A8003B2EB3 /* HomeVC.swift */; };
		DA5D2DA821EA964A003B2EB3 /* LoginVC.swift in Sources */ = {isa = PBXBuildFile; fileRef = DA5D2DA721EA964A003B2EB3 /* LoginVC.swift */; };
		DA5D2DAA21EAA153003B2EB3 /* Inceptionv3.mlmodel in Sources */ = {isa = PBXBuildFile; fileRef = DA5D2DA921EAA153003B2EB3 /* Inceptionv3.mlmodel */; };
		DA5D2DAB21EAA165003B2EB3 /* Inceptionv3.mlmodel in Frameworks */ = {isa = PBXBuildFile; fileRef = DA5D2DA921EAA153003B2EB3 /* Inceptionv3.mlmodel */; };
		DAA92C3F20E9B91100F6BFDA /* AppDelegate.swift in Sources */ = {isa = PBXBuildFile; fileRef = DAA92C3E20E9B91100F6BFDA /* AppDelegate.swift */; };
		DAA92C4420E9B91100F6BFDA /* Main.storyboard in Resources */ = {isa = PBXBuildFile; fileRef = DAA92C4220E9B91100F6BFDA /* Main.storyboard */; };
		DAA92C4620E9B91300F6BFDA /* Assets.xcassets in Resources */ = {isa = PBXBuildFile; fileRef = DAA92C4520E9B91300F6BFDA /* Assets.xcassets */; };
		DAA92C4920E9B91300F6BFDA /* LaunchScreen.storyboard in Resources */ = {isa = PBXBuildFile; fileRef = DAA92C4720E9B91300F6BFDA /* LaunchScreen.storyboard */; };
		DAA92C5520E9B9F200F6BFDA /* IntroVC.swift in Sources */ = {isa = PBXBuildFile; fileRef = DAA92C5420E9B9F200F6BFDA /* IntroVC.swift */; };
		DAA92C5720E9BA2A00F6BFDA /* DoggZamVC.swift in Sources */ = {isa = PBXBuildFile; fileRef = DAA92C5620E9BA2A00F6BFDA /* DoggZamVC.swift */; };
		DAA92C5D20E9BA9200F6BFDA /* GradientView.swift in Sources */ = {isa = PBXBuildFile; fileRef = DAA92C5C20E9BA9200F6BFDA /* GradientView.swift */; };
		DABA17AC213B595B0092CDA7 /* GoogleService-Info.plist in Resources */ = {isa = PBXBuildFile; fileRef = DABA17AB213B595B0092CDA7 /* GoogleService-Info.plist */; };
/* End PBXBuildFile section */

/* Begin PBXFileReference section */
		19C23D31D5D85330BB201E5E /* Pods-DoggZam!.debug.xcconfig */ = {isa = PBXFileReference; includeInIndex = 1; lastKnownFileType = text.xcconfig; name = "Pods-DoggZam!.debug.xcconfig"; path = "Pods/Target Support Files/Pods-DoggZam!/Pods-DoggZam!.debug.xcconfig"; sourceTree = "<group>"; };
		60ACE19E94563323A8081462 /* Pods_DoggZam_.framework */ = {isa = PBXFileReference; explicitFileType = wrapper.framework; includeInIndex = 0; path = Pods_DoggZam_.framework; sourceTree = BUILT_PRODUCTS_DIR; };
		C3E839514EE0455E3C32B16C /* Pods-DoggZam!.release.xcconfig */ = {isa = PBXFileReference; includeInIndex = 1; lastKnownFileType = text.xcconfig; name = "Pods-DoggZam!.release.xcconfig"; path = "Pods/Target Support Files/Pods-DoggZam!/Pods-DoggZam!.release.xcconfig"; sourceTree = "<group>"; };
		DA5D2DA121EA8235003B2EB3 /* ContainerVC.swift */ = {isa = PBXFileReference; lastKnownFileType = sourcecode.swift; path = ContainerVC.swift; sourceTree = "<group>"; };
		DA5D2DA521EA82A8003B2EB3 /* HomeVC.swift */ = {isa = PBXFileReference; lastKnownFileType = sourcecode.swift; path = HomeVC.swift; sourceTree = "<group>"; };
		DA5D2DA721EA964A003B2EB3 /* LoginVC.swift */ = {isa = PBXFileReference; lastKnownFileType = sourcecode.swift; path = LoginVC.swift; sourceTree = "<group>"; };
		DA5D2DA921EAA153003B2EB3 /* Inceptionv3.mlmodel */ = {isa = PBXFileReference; lastKnownFileType = file.mlmodel; path = Inceptionv3.mlmodel; sourceTree = "<group>"; };
		DAA92C3B20E9B91100F6BFDA /* DoggZam!.app */ = {isa = PBXFileReference; explicitFileType = wrapper.application; includeInIndex = 0; path = "DoggZam!.app"; sourceTree = BUILT_PRODUCTS_DIR; };
		DAA92C3E20E9B91100F6BFDA /* AppDelegate.swift */ = {isa = PBXFileReference; lastKnownFileType = sourcecode.swift; path = AppDelegate.swift; sourceTree = "<group>"; };
		DAA92C4320E9B91100F6BFDA /* Base */ = {isa = PBXFileReference; lastKnownFileType = file.storyboard; name = Base; path = Base.lproj/Main.storyboard; sourceTree = "<group>"; };
		DAA92C4520E9B91300F6BFDA /* Assets.xcassets */ = {isa = PBXFileReference; lastKnownFileType = folder.assetcatalog; path = Assets.xcassets; sourceTree = "<group>"; };
		DAA92C4820E9B91300F6BFDA /* Base */ = {isa = PBXFileReference; lastKnownFileType = file.storyboard; name = Base; path = Base.lproj/LaunchScreen.storyboard; sourceTree = "<group>"; };
		DAA92C4A20E9B91300F6BFDA /* Info.plist */ = {isa = PBXFileReference; lastKnownFileType = text.plist.xml; path = Info.plist; sourceTree = "<group>"; };
		DAA92C5420E9B9F200F6BFDA /* IntroVC.swift */ = {isa = PBXFileReference; lastKnownFileType = sourcecode.swift; path = IntroVC.swift; sourceTree = "<group>"; };
		DAA92C5620E9BA2A00F6BFDA /* DoggZamVC.swift */ = {isa = PBXFileReference; lastKnownFileType = sourcecode.swift; path = DoggZamVC.swift; sourceTree = "<group>"; };
		DAA92C5C20E9BA9200F6BFDA /* GradientView.swift */ = {isa = PBXFileReference; lastKnownFileType = sourcecode.swift; path = GradientView.swift; sourceTree = "<group>"; };
		DABA17AB213B595B0092CDA7 /* GoogleService-Info.plist */ = {isa = PBXFileReference; fileEncoding = 4; lastKnownFileType = text.plist.xml; path = "GoogleService-Info.plist"; sourceTree = "<group>"; };
/* End PBXFileReference section */

/* Begin PBXFrameworksBuildPhase section */
		DAA92C3820E9B91100F6BFDA /* Frameworks */ = {
			isa = PBXFrameworksBuildPhase;
			buildActionMask = 2147483647;
			files = (
				DA5D2DAB21EAA165003B2EB3 /* Inceptionv3.mlmodel in Frameworks */,
				A8CB1F2C95CF0B38C62A90B3 /* Pods_DoggZam_.framework in Frameworks */,
			);
			runOnlyForDeploymentPostprocessing = 0;
		};
/* End PBXFrameworksBuildPhase section */

/* Begin PBXGroup section */
		08B276D79A2ACB3FB2D9D39F /* Pods */ = {
			isa = PBXGroup;
			children = (
				19C23D31D5D85330BB201E5E /* Pods-DoggZam!.debug.xcconfig */,
				C3E839514EE0455E3C32B16C /* Pods-DoggZam!.release.xcconfig */,
			);
			name = Pods;
			sourceTree = "<group>";
		};
		DAA92C3220E9B91100F6BFDA = {
			isa = PBXGroup;
			children = (
				DAA92C3D20E9B91100F6BFDA /* DoggZam! */,
				DAA92C3C20E9B91100F6BFDA /* Products */,
				08B276D79A2ACB3FB2D9D39F /* Pods */,
				F44AE34D501BBD72686501D8 /* Frameworks */,
			);
			sourceTree = "<group>";
		};
		DAA92C3C20E9B91100F6BFDA /* Products */ = {
			isa = PBXGroup;
			children = (
				DAA92C3B20E9B91100F6BFDA /* DoggZam!.app */,
			);
			name = Products;
			sourceTree = "<group>";
		};
		DAA92C3D20E9B91100F6BFDA /* DoggZam! */ = {
			isa = PBXGroup;
			children = (
				DAA92C5120E9B9BB00F6BFDA /* Sources */,
				DAA92C5320E9B9D600F6BFDA /* Controller */,
				DAA92C5220E9B9CF00F6BFDA /* View */,
				DAA92C3E20E9B91100F6BFDA /* AppDelegate.swift */,
				DAA92C4220E9B91100F6BFDA /* Main.storyboard */,
				DAA92C4520E9B91300F6BFDA /* Assets.xcassets */,
				DAA92C4720E9B91300F6BFDA /* LaunchScreen.storyboard */,
				DAA92C4A20E9B91300F6BFDA /* Info.plist */,
				DABA17AB213B595B0092CDA7 /* GoogleService-Info.plist */,
			);
			path = "DoggZam!";
			sourceTree = "<group>";
		};
		DAA92C5120E9B9BB00F6BFDA /* Sources */ = {
			isa = PBXGroup;
			children = (
				DA5D2DA921EAA153003B2EB3 /* Inceptionv3.mlmodel */,
			);
			path = Sources;
			sourceTree = "<group>";
		};
		DAA92C5220E9B9CF00F6BFDA /* View */ = {
			isa = PBXGroup;
			children = (
				DAA92C5C20E9BA9200F6BFDA /* GradientView.swift */,
			);
			path = View;
			sourceTree = "<group>";
		};
		DAA92C5320E9B9D600F6BFDA /* Controller */ = {
			isa = PBXGroup;
			children = (
				DAA92C5420E9B9F200F6BFDA /* IntroVC.swift */,
				DAA92C5620E9BA2A00F6BFDA /* DoggZamVC.swift */,
				DA5D2DA121EA8235003B2EB3 /* ContainerVC.swift */,
				DA5D2DA521EA82A8003B2EB3 /* HomeVC.swift */,
				DA5D2DA721EA964A003B2EB3 /* LoginVC.swift */,
			);
			path = Controller;
			sourceTree = "<group>";
		};
		F44AE34D501BBD72686501D8 /* Frameworks */ = {
			isa = PBXGroup;
			children = (
				60ACE19E94563323A8081462 /* Pods_DoggZam_.framework */,
			);
			name = Frameworks;
			sourceTree = "<group>";
		};
/* End PBXGroup section */

/* Begin PBXNativeTarget section */
		DAA92C3A20E9B91100F6BFDA /* DoggZam! */ = {
			isa = PBXNativeTarget;
			buildConfigurationList = DAA92C4D20E9B91300F6BFDA /* Build configuration list for PBXNativeTarget "DoggZam!" */;
			buildPhases = (
				C94D212130C53ADBB30C4261 /* [CP] Check Pods Manifest.lock */,
				DAA92C3720E9B91100F6BFDA /* Sources */,
				DAA92C3820E9B91100F6BFDA /* Frameworks */,
				DAA92C3920E9B91100F6BFDA /* Resources */,
				D6B33A023DCC4AFD22983744 /* [CP] Embed Pods Frameworks */,
			);
			buildRules = (
			);
			dependencies = (
			);
			name = "DoggZam!";
			productName = "DoggZam!";
			productReference = DAA92C3B20E9B91100F6BFDA /* DoggZam!.app */;
			productType = "com.apple.product-type.application";
		};
/* End PBXNativeTarget section */

/* Begin PBXProject section */
		DAA92C3320E9B91100F6BFDA /* Project object */ = {
			isa = PBXProject;
			attributes = {
				LastSwiftUpdateCheck = 0940;
				LastUpgradeCheck = 0940;
				ORGANIZATIONNAME = "FasTek Technologies";
				TargetAttributes = {
					DAA92C3A20E9B91100F6BFDA = {
						CreatedOnToolsVersion = 9.4.1;
					};
				};
			};
			buildConfigurationList = DAA92C3620E9B91100F6BFDA /* Build configuration list for PBXProject "DoggZam!" */;
			compatibilityVersion = "Xcode 9.3";
			developmentRegion = en;
			hasScannedForEncodings = 0;
			knownRegions = (
				en,
				Base,
			);
			mainGroup = DAA92C3220E9B91100F6BFDA;
			productRefGroup = DAA92C3C20E9B91100F6BFDA /* Products */;
			projectDirPath = "";
			projectRoot = "";
			targets = (
				DAA92C3A20E9B91100F6BFDA /* DoggZam! */,
			);
		};
/* End PBXProject section */

/* Begin PBXResourcesBuildPhase section */
		DAA92C3920E9B91100F6BFDA /* Resources */ = {
			isa = PBXResourcesBuildPhase;
			buildActionMask = 2147483647;
			files = (
				DAA92C4920E9B91300F6BFDA /* LaunchScreen.storyboard in Resources */,
				DABA17AC213B595B0092CDA7 /* GoogleService-Info.plist in Resources */,
				DAA92C4620E9B91300F6BFDA /* Assets.xcassets in Resources */,
				DAA92C4420E9B91100F6BFDA /* Main.storyboard in Resources */,
			);
			runOnlyForDeploymentPostprocessing = 0;
		};
/* End PBXResourcesBuildPhase section */

/* Begin PBXShellScriptBuildPhase section */
		C94D212130C53ADBB30C4261 /* [CP] Check Pods Manifest.lock */ = {
			isa = PBXShellScriptBuildPhase;
			buildActionMask = 2147483647;
			files = (
			);
			inputPaths = (
				"${PODS_PODFILE_DIR_PATH}/Podfile.lock",
				"${PODS_ROOT}/Manifest.lock",
			);
			name = "[CP] Check Pods Manifest.lock";
			outputPaths = (
				"$(DERIVED_FILE_DIR)/Pods-DoggZam!-checkManifestLockResult.txt",
			);
			runOnlyForDeploymentPostprocessing = 0;
			shellPath = /bin/sh;
			shellScript = "diff \"${PODS_PODFILE_DIR_PATH}/Podfile.lock\" \"${PODS_ROOT}/Manifest.lock\" > /dev/null\nif [ $? != 0 ] ; then\n    # print error to STDERR\n    echo \"error: The sandbox is not in sync with the Podfile.lock. Run 'pod install' or update your CocoaPods installation.\" >&2\n    exit 1\nfi\n# This output is used by Xcode 'outputs' to avoid re-running this script phase.\necho \"SUCCESS\" > \"${SCRIPT_OUTPUT_FILE_0}\"\n";
			showEnvVarsInLog = 0;
		};
		D6B33A023DCC4AFD22983744 /* [CP] Embed Pods Frameworks */ = {
			isa = PBXShellScriptBuildPhase;
			buildActionMask = 2147483647;
			files = (
			);
			inputPaths = (
				"${SRCROOT}/Pods/Target Support Files/Pods-DoggZam!/Pods-DoggZam!-frameworks.sh",
				"${BUILT_PRODUCTS_DIR}/GTMSessionFetcher/GTMSessionFetcher.framework",
				"${BUILT_PRODUCTS_DIR}/GoogleToolboxForMac/GoogleToolboxForMac.framework",
				"${BUILT_PRODUCTS_DIR}/RevealingSplashView/RevealingSplashView.framework",
				"${BUILT_PRODUCTS_DIR}/leveldb-library/leveldb.framework",
				"${BUILT_PRODUCTS_DIR}/nanopb/nanopb.framework",
			);
			name = "[CP] Embed Pods Frameworks";
			outputPaths = (
				"${TARGET_BUILD_DIR}/${FRAMEWORKS_FOLDER_PATH}/GTMSessionFetcher.framework",
				"${TARGET_BUILD_DIR}/${FRAMEWORKS_FOLDER_PATH}/GoogleToolboxForMac.framework",
				"${TARGET_BUILD_DIR}/${FRAMEWORKS_FOLDER_PATH}/RevealingSplashView.framework",
				"${TARGET_BUILD_DIR}/${FRAMEWORKS_FOLDER_PATH}/leveldb.framework",
				"${TARGET_BUILD_DIR}/${FRAMEWORKS_FOLDER_PATH}/nanopb.framework",
			);
			runOnlyForDeploymentPostprocessing = 0;
			shellPath = /bin/sh;
			shellScript = "\"${SRCROOT}/Pods/Target Support Files/Pods-DoggZam!/Pods-DoggZam!-frameworks.sh\"\n";
			showEnvVarsInLog = 0;
		};
/* End PBXShellScriptBuildPhase section */

/* Begin PBXSourcesBuildPhase section */
		DAA92C3720E9B91100F6BFDA /* Sources */ = {
			isa = PBXSourcesBuildPhase;
			buildActionMask = 2147483647;
			files = (
				DA5D2DA221EA8235003B2EB3 /* ContainerVC.swift in Sources */,
				DA5D2DAA21EAA153003B2EB3 /* Inceptionv3.mlmodel in Sources */,
				DA5D2DA621EA82A8003B2EB3 /* HomeVC.swift in Sources */,
				DA5D2DA821EA964A003B2EB3 /* LoginVC.swift in Sources */,
				DAA92C5720E9BA2A00F6BFDA /* DoggZamVC.swift in Sources */,
				DAA92C5D20E9BA9200F6BFDA /* GradientView.swift in Sources */,
				DAA92C3F20E9B91100F6BFDA /* AppDelegate.swift in Sources */,
				DAA92C5520E9B9F200F6BFDA /* IntroVC.swift in Sources */,
			);
			runOnlyForDeploymentPostprocessing = 0;
		};
/* End PBXSourcesBuildPhase section */

/* Begin PBXVariantGroup section */
		DAA92C4220E9B91100F6BFDA /* Main.storyboard */ = {
			isa = PBXVariantGroup;
			children = (
				DAA92C4320E9B91100F6BFDA /* Base */,
			);
			name = Main.storyboard;
			sourceTree = "<group>";
		};
		DAA92C4720E9B91300F6BFDA /* LaunchScreen.storyboard */ = {
			isa = PBXVariantGroup;
			children = (
				DAA92C4820E9B91300F6BFDA /* Base */,
			);
			name = LaunchScreen.storyboard;
			sourceTree = "<group>";
		};
/* End PBXVariantGroup section */

/* Begin XCBuildConfiguration section */
		DAA92C4B20E9B91300F6BFDA /* Debug */ = {
			isa = XCBuildConfiguration;
			buildSettings = {
				ALWAYS_SEARCH_USER_PATHS = NO;
				CLANG_ANALYZER_NONNULL = YES;
				CLANG_ANALYZER_NUMBER_OBJECT_CONVERSION = YES_AGGRESSIVE;
				CLANG_CXX_LANGUAGE_STANDARD = "gnu++14";
				CLANG_CXX_LIBRARY = "libc++";
				CLANG_ENABLE_MODULES = YES;
				CLANG_ENABLE_OBJC_ARC = YES;
				CLANG_ENABLE_OBJC_WEAK = YES;
				CLANG_WARN_BLOCK_CAPTURE_AUTORELEASING = YES;
				CLANG_WARN_BOOL_CONVERSION = YES;
				CLANG_WARN_COMMA = YES;
				CLANG_WARN_CONSTANT_CONVERSION = YES;
				CLANG_WARN_DEPRECATED_OBJC_IMPLEMENTATIONS = YES;
				CLANG_WARN_DIRECT_OBJC_ISA_USAGE = YES_ERROR;
				CLANG_WARN_DOCUMENTATION_COMMENTS = YES;
				CLANG_WARN_EMPTY_BODY = YES;
				CLANG_WARN_ENUM_CONVERSION = YES;
				CLANG_WARN_INFINITE_RECURSION = YES;
				CLANG_WARN_INT_CONVERSION = YES;
				CLANG_WARN_NON_LITERAL_NULL_CONVERSION = YES;
				CLANG_WARN_OBJC_IMPLICIT_RETAIN_SELF = YES;
				CLANG_WARN_OBJC_LITERAL_CONVERSION = YES;
				CLANG_WARN_OBJC_ROOT_CLASS = YES_ERROR;
				CLANG_WARN_RANGE_LOOP_ANALYSIS = YES;
				CLANG_WARN_STRICT_PROTOTYPES = YES;
				CLANG_WARN_SUSPICIOUS_MOVE = YES;
				CLANG_WARN_UNGUARDED_AVAILABILITY = YES_AGGRESSIVE;
				CLANG_WARN_UNREACHABLE_CODE = YES;
				CLANG_WARN__DUPLICATE_METHOD_MATCH = YES;
				CODE_SIGN_IDENTITY = "iPhone Developer";
				COPY_PHASE_STRIP = NO;
				DEBUG_INFORMATION_FORMAT = dwarf;
				ENABLE_STRICT_OBJC_MSGSEND = YES;
				ENABLE_TESTABILITY = YES;
				GCC_C_LANGUAGE_STANDARD = gnu11;
				GCC_DYNAMIC_NO_PIC = NO;
				GCC_NO_COMMON_BLOCKS = YES;
				GCC_OPTIMIZATION_LEVEL = 0;
				GCC_PREPROCESSOR_DEFINITIONS = (
					"DEBUG=1",
					"$(inherited)",
				);
				GCC_WARN_64_TO_32_BIT_CONVERSION = YES;
				GCC_WARN_ABOUT_RETURN_TYPE = YES_ERROR;
				GCC_WARN_UNDECLARED_SELECTOR = YES;
				GCC_WARN_UNINITIALIZED_AUTOS = YES_AGGRESSIVE;
				GCC_WARN_UNUSED_FUNCTION = YES;
				GCC_WARN_UNUSED_VARIABLE = YES;
				IPHONEOS_DEPLOYMENT_TARGET = 11.4;
				MTL_ENABLE_DEBUG_INFO = YES;
				ONLY_ACTIVE_ARCH = YES;
				SDKROOT = iphoneos;
				SWIFT_ACTIVE_COMPILATION_CONDITIONS = DEBUG;
				SWIFT_OPTIMIZATION_LEVEL = "-Onone";
			};
			name = Debug;
		};
		DAA92C4C20E9B91300F6BFDA /* Release */ = {
			isa = XCBuildConfiguration;
			buildSettings = {
				ALWAYS_SEARCH_USER_PATHS = NO;
				CLANG_ANALYZER_NONNULL = YES;
				CLANG_ANALYZER_NUMBER_OBJECT_CONVERSION = YES_AGGRESSIVE;
				CLANG_CXX_LANGUAGE_STANDARD = "gnu++14";
				CLANG_CXX_LIBRARY = "libc++";
				CLANG_ENABLE_MODULES = YES;
				CLANG_ENABLE_OBJC_ARC = YES;
				CLANG_ENABLE_OBJC_WEAK = YES;
				CLANG_WARN_BLOCK_CAPTURE_AUTORELEASING = YES;
				CLANG_WARN_BOOL_CONVERSION = YES;
				CLANG_WARN_COMMA = YES;
				CLANG_WARN_CONSTANT_CONVERSION = YES;
				CLANG_WARN_DEPRECATED_OBJC_IMPLEMENTATIONS = YES;
				CLANG_WARN_DIRECT_OBJC_ISA_USAGE = YES_ERROR;
				CLANG_WARN_DOCUMENTATION_COMMENTS = YES;
				CLANG_WARN_EMPTY_BODY = YES;
				CLANG_WARN_ENUM_CONVERSION = YES;
				CLANG_WARN_INFINITE_RECURSION = YES;
				CLANG_WARN_INT_CONVERSION = YES;
				CLANG_WARN_NON_LITERAL_NULL_CONVERSION = YES;
				CLANG_WARN_OBJC_IMPLICIT_RETAIN_SELF = YES;
				CLANG_WARN_OBJC_LITERAL_CONVERSION = YES;
				CLANG_WARN_OBJC_ROOT_CLASS = YES_ERROR;
				CLANG_WARN_RANGE_LOOP_ANALYSIS = YES;
				CLANG_WARN_STRICT_PROTOTYPES = YES;
				CLANG_WARN_SUSPICIOUS_MOVE = YES;
				CLANG_WARN_UNGUARDED_AVAILABILITY = YES_AGGRESSIVE;
				CLANG_WARN_UNREACHABLE_CODE = YES;
				CLANG_WARN__DUPLICATE_METHOD_MATCH = YES;
				CODE_SIGN_IDENTITY = "iPhone Developer";
				COPY_PHASE_STRIP = NO;
				DEBUG_INFORMATION_FORMAT = "dwarf-with-dsym";
				ENABLE_NS_ASSERTIONS = NO;
				ENABLE_STRICT_OBJC_MSGSEND = YES;
				GCC_C_LANGUAGE_STANDARD = gnu11;
				GCC_NO_COMMON_BLOCKS = YES;
				GCC_WARN_64_TO_32_BIT_CONVERSION = YES;
				GCC_WARN_ABOUT_RETURN_TYPE = YES_ERROR;
				GCC_WARN_UNDECLARED_SELECTOR = YES;
				GCC_WARN_UNINITIALIZED_AUTOS = YES_AGGRESSIVE;
				GCC_WARN_UNUSED_FUNCTION = YES;
				GCC_WARN_UNUSED_VARIABLE = YES;
				IPHONEOS_DEPLOYMENT_TARGET = 11.4;
				MTL_ENABLE_DEBUG_INFO = NO;
				SDKROOT = iphoneos;
				SWIFT_COMPILATION_MODE = wholemodule;
				SWIFT_OPTIMIZATION_LEVEL = "-O";
				VALIDATE_PRODUCT = YES;
			};
			name = Release;
		};
		DAA92C4E20E9B91300F6BFDA /* Debug */ = {
			isa = XCBuildConfiguration;
			baseConfigurationReference = 19C23D31D5D85330BB201E5E /* Pods-DoggZam!.debug.xcconfig */;
			buildSettings = {
				ASSETCATALOG_COMPILER_APPICON_NAME = AppIcon;
				CODE_SIGN_STYLE = Automatic;
				DEVELOPMENT_TEAM = N762D69GAN;
				INFOPLIST_FILE = "DoggZam!/Info.plist";
				LD_RUNPATH_SEARCH_PATHS = (
					"$(inherited)",
					"@executable_path/Frameworks",
				);
				PRODUCT_BUNDLE_IDENTIFIER = "ElderiedMcKinney.DoggZam-";
				PRODUCT_NAME = "$(TARGET_NAME)";
				SWIFT_VERSION = 4.0;
				TARGETED_DEVICE_FAMILY = 1;
			};
			name = Debug;
		};
		DAA92C4F20E9B91300F6BFDA /* Release */ = {
			isa = XCBuildConfiguration;
			baseConfigurationReference = C3E839514EE0455E3C32B16C /* Pods-DoggZam!.release.xcconfig */;
			buildSettings = {
				ASSETCATALOG_COMPILER_APPICON_NAME = AppIcon;
				CODE_SIGN_STYLE = Automatic;
				DEVELOPMENT_TEAM = N762D69GAN;
				INFOPLIST_FILE = "DoggZam!/Info.plist";
				LD_RUNPATH_SEARCH_PATHS = (
					"$(inherited)",
					"@executable_path/Frameworks",
				);
				PRODUCT_BUNDLE_IDENTIFIER = "ElderiedMcKinney.DoggZam-";
				PRODUCT_NAME = "$(TARGET_NAME)";
				SWIFT_VERSION = 4.0;
				TARGETED_DEVICE_FAMILY = 1;
			};
			name = Release;
		};
/* End XCBuildConfiguration section */

/* Begin XCConfigurationList section */
		DAA92C3620E9B91100F6BFDA /* Build configuration list for PBXProject "DoggZam!" */ = {
			isa = XCConfigurationList;
			buildConfigurations = (
				DAA92C4B20E9B91300F6BFDA /* Debug */,
				DAA92C4C20E9B91300F6BFDA /* Release */,
			);
			defaultConfigurationIsVisible = 0;
			defaultConfigurationName = Release;
		};
		DAA92C4D20E9B91300F6BFDA /* Build configuration list for PBXNativeTarget "DoggZam!" */ = {
			isa = XCConfigurationList;
			buildConfigurations = (
				DAA92C4E20E9B91300F6BFDA /* Debug */,
				DAA92C4F20E9B91300F6BFDA /* Release */,
			);
			defaultConfigurationIsVisible = 0;
			defaultConfigurationName = Release;
		};
/* End XCConfigurationList section */
	};
	rootObject = DAA92C3320E9B91100F6BFDA /* Project object */;
}
